PODS:
  - BoringSSL (10.0.6):
    - BoringSSL/Implementation (= 10.0.6)
    - BoringSSL/Interface (= 10.0.6)
  - BoringSSL/Implementation (10.0.6):
    - BoringSSL/Interface (= 10.0.6)
  - BoringSSL/Interface (10.0.6)

DEPENDENCIES:
  - BoringSSL

SPEC REPOS:
  https://github.com/cocoapods/specs.git:
    - BoringSSL

SPEC CHECKSUMS:
  BoringSSL: e10f92a27043805c01071fe815a5cd98ae8212e7

PODFILE CHECKSUM: f2b2e4931e4be804407bd759d166c8cb8f141328

COCOAPODS: 1.6.1
